# This file was autogenerated by Stack.
# You should not edit this file by hand.
# For more information, please see the documentation at:
#   https://docs.haskellstack.org/en/stable/lock_files

packages:
- completed:
    hackage: barbies-2.0.2.0@sha256:fa6656b45c40f7d4ab1764d078c6878f37d37fab7f7135c061e9a5baa67943c0,4407
    pantry-tree:
      size: 4426
      sha256: 5aa3ff178fe56b21250543384e8482de13f35ef57a06943178382b0f2e3eca24
  original:
    hackage: barbies-2.0.2.0@sha256:fa6656b45c40f7d4ab1764d078c6878f37d37fab7f7135c061e9a5baa67943c0,4407
snapshots:
- completed:
    size: 532832
    url: https://raw.githubusercontent.com/commercialhaskell/stackage-snapshots/master/lts/16/23.yaml
    sha256: fbb2a0519008533924c7753bd7164ddd1009f09504eb06674acad6049b46db09
  original: lts-16.23
